
Microsoft Visual Studio Solution File, Format Version 12.00
# Visual Studio Version 16
VisualStudioVersion = 16.0.31105.61
MinimumVisualStudioVersion = 10.0.40219.1
Project("{FAE04EC0-301F-11D3-BF4B-00C04F79EFBC}") = "Home6_client", "Home6_client\Home6_client.csproj", "{A66C1723-C5AA-4B12-A677-21055E2C6DD3}"
EndProject
Global
	GlobalSection(SolutionConfigurationPlatforms) = preSolution
		Debug|Any CPU = Debug|Any CPU
		Release|Any CPU = Release|Any CPU
	EndGlobalSection
	GlobalSection(ProjectConfigurationPlatforms) = postSolution
		{A66C1723-C5AA-4B12-A677-21055E2C6DD3}.Debug|Any CPU.ActiveCfg = Debug|Any CPU
		{A66C1723-C5AA-4B12-A677-21055E2C6DD3}.Debug|Any CPU.Build.0 = Debug|Any CPU
		{A66C1723-C5AA-4B12-A677-21055E2C6DD3}.Release|Any CPU.ActiveCfg = Release|Any CPU
		{A66C1723-C5AA-4B12-A677-21055E2C6DD3}.Release|Any CPU.Build.0 = Release|Any CPU
	EndGlobalSection
	GlobalSection(SolutionProperties) = preSolution
		HideSolutionNode = FALSE
	EndGlobalSection
	GlobalSection(ExtensibilityGlobals) = postSolution
		SolutionGuid = {64443175-EA1C-4F29-B12F-544660B06683}
	EndGlobalSection
EndGlobal
